
Microsoft Visual Studio Solution File, Format Version 12.00
# Visual Studio 15
VisualStudioVersion = 15.0.28307.421
MinimumVisualStudioVersion = 10.0.40219.1
Project("{FAE04EC0-301F-11D3-BF4B-00C04F79EFBC}") = "Old Books", "Old Books\Old Books.csproj", "{2C2D583F-FB67-4250-8840-678E4E2ED2CF}"
EndProject
Project("{FAE04EC0-301F-11D3-BF4B-00C04F79EFBC}") = "Coins", "Coins\Coins.csproj", "{40F08745-04B7-429E-BF1D-36065281E3BA}"
EndProject
Project("{FAE04EC0-301F-11D3-BF4B-00C04F79EFBC}") = "Cake", "Cake\Cake.csproj", "{5270DFEA-A8FE-4DC5-A7CB-77006981FDAB}"
EndProject
Global
	GlobalSection(SolutionConfigurationPlatforms) = preSolution
		Debug|Any CPU = Debug|Any CPU
		Release|Any CPU = Release|Any CPU
	EndGlobalSection
	GlobalSection(ProjectConfigurationPlatforms) = postSolution
		{2C2D583F-FB67-4250-8840-678E4E2ED2CF}.Debug|Any CPU.ActiveCfg = Debug|Any CPU
		{2C2D583F-FB67-4250-8840-678E4E2ED2CF}.Debug|Any CPU.Build.0 = Debug|Any CPU
		{2C2D583F-FB67-4250-8840-678E4E2ED2CF}.Release|Any CPU.ActiveCfg = Release|Any CPU
		{2C2D583F-FB67-4250-8840-678E4E2ED2CF}.Release|Any CPU.Build.0 = Release|Any CPU
		{40F08745-04B7-429E-BF1D-36065281E3BA}.Debug|Any CPU.ActiveCfg = Debug|Any CPU
		{40F08745-04B7-429E-BF1D-36065281E3BA}.Debug|Any CPU.Build.0 = Debug|Any CPU
		{40F08745-04B7-429E-BF1D-36065281E3BA}.Release|Any CPU.ActiveCfg = Release|Any CPU
		{40F08745-04B7-429E-BF1D-36065281E3BA}.Release|Any CPU.Build.0 = Release|Any CPU
		{5270DFEA-A8FE-4DC5-A7CB-77006981FDAB}.Debug|Any CPU.ActiveCfg = Debug|Any CPU
		{5270DFEA-A8FE-4DC5-A7CB-77006981FDAB}.Debug|Any CPU.Build.0 = Debug|Any CPU
		{5270DFEA-A8FE-4DC5-A7CB-77006981FDAB}.Release|Any CPU.ActiveCfg = Release|Any CPU
		{5270DFEA-A8FE-4DC5-A7CB-77006981FDAB}.Release|Any CPU.Build.0 = Release|Any CPU
	EndGlobalSection
	GlobalSection(SolutionProperties) = preSolution
		HideSolutionNode = FALSE
	EndGlobalSection
	GlobalSection(ExtensibilityGlobals) = postSolution
		SolutionGuid = {C42E12AD-8994-43E1-A0BE-1FA407FA807D}
	EndGlobalSection
EndGlobal
