
Microsoft Visual Studio Solution File, Format Version 12.00
# Visual Studio 15
VisualStudioVersion = 15.0.28307.421
MinimumVisualStudioVersion = 10.0.40219.1
Project("{FAE04EC0-301F-11D3-BF4B-00C04F79EFBC}") = "Numbers from 1 to 100", "Numbers from 1 to 100\Numbers from 1 to 100.csproj", "{CD8C4441-D9D7-4EDC-9D62-32230AED41F4}"
EndProject
Project("{FAE04EC0-301F-11D3-BF4B-00C04F79EFBC}") = "Latin Letters", "Latin Letters\Latin Letters.csproj", "{5509F935-FC84-4C1A-AEC1-E8950AED572B}"
EndProject
Project("{FAE04EC0-301F-11D3-BF4B-00C04F79EFBC}") = "Sum Numbers", "Sum Numbers\Sum Numbers.csproj", "{CC073F29-5E31-4113-92F5-8F44245B5DE5}"
EndProject
Project("{FAE04EC0-301F-11D3-BF4B-00C04F79EFBC}") = "Clever Lily", "Clever Lily\Clever Lily.csproj", "{B328B3D6-8237-4413-AB63-F64BA9CF7A6D}"
EndProject
Project("{FAE04EC0-301F-11D3-BF4B-00C04F79EFBC}") = "Odd Even Sum", "Odd Even Sum\Odd Even Sum.csproj", "{66934D78-D732-4376-8CF0-3336B72B0533}"
EndProject
Project("{FAE04EC0-301F-11D3-BF4B-00C04F79EFBC}") = "Vowels Sum", "Vowels Sum\Vowels Sum.csproj", "{C503E664-73C5-42F2-AFD3-31AB87E9D7A4}"
EndProject
Project("{FAE04EC0-301F-11D3-BF4B-00C04F79EFBC}") = "Left and Right Sum", "Left and Right Sum\Left and Right Sum.csproj", "{B1B87FDC-BC19-40F3-9780-B871251A3707}"
EndProject
Global
	GlobalSection(SolutionConfigurationPlatforms) = preSolution
		Debug|Any CPU = Debug|Any CPU
		Release|Any CPU = Release|Any CPU
	EndGlobalSection
	GlobalSection(ProjectConfigurationPlatforms) = postSolution
		{CD8C4441-D9D7-4EDC-9D62-32230AED41F4}.Debug|Any CPU.ActiveCfg = Debug|Any CPU
		{CD8C4441-D9D7-4EDC-9D62-32230AED41F4}.Debug|Any CPU.Build.0 = Debug|Any CPU
		{CD8C4441-D9D7-4EDC-9D62-32230AED41F4}.Release|Any CPU.ActiveCfg = Release|Any CPU
		{CD8C4441-D9D7-4EDC-9D62-32230AED41F4}.Release|Any CPU.Build.0 = Release|Any CPU
		{5509F935-FC84-4C1A-AEC1-E8950AED572B}.Debug|Any CPU.ActiveCfg = Debug|Any CPU
		{5509F935-FC84-4C1A-AEC1-E8950AED572B}.Debug|Any CPU.Build.0 = Debug|Any CPU
		{5509F935-FC84-4C1A-AEC1-E8950AED572B}.Release|Any CPU.ActiveCfg = Release|Any CPU
		{5509F935-FC84-4C1A-AEC1-E8950AED572B}.Release|Any CPU.Build.0 = Release|Any CPU
		{CC073F29-5E31-4113-92F5-8F44245B5DE5}.Debug|Any CPU.ActiveCfg = Debug|Any CPU
		{CC073F29-5E31-4113-92F5-8F44245B5DE5}.Debug|Any CPU.Build.0 = Debug|Any CPU
		{CC073F29-5E31-4113-92F5-8F44245B5DE5}.Release|Any CPU.ActiveCfg = Release|Any CPU
		{CC073F29-5E31-4113-92F5-8F44245B5DE5}.Release|Any CPU.Build.0 = Release|Any CPU
		{B328B3D6-8237-4413-AB63-F64BA9CF7A6D}.Debug|Any CPU.ActiveCfg = Debug|Any CPU
		{B328B3D6-8237-4413-AB63-F64BA9CF7A6D}.Debug|Any CPU.Build.0 = Debug|Any CPU
		{B328B3D6-8237-4413-AB63-F64BA9CF7A6D}.Release|Any CPU.ActiveCfg = Release|Any CPU
		{B328B3D6-8237-4413-AB63-F64BA9CF7A6D}.Release|Any CPU.Build.0 = Release|Any CPU
		{66934D78-D732-4376-8CF0-3336B72B0533}.Debug|Any CPU.ActiveCfg = Debug|Any CPU
		{66934D78-D732-4376-8CF0-3336B72B0533}.Debug|Any CPU.Build.0 = Debug|Any CPU
		{66934D78-D732-4376-8CF0-3336B72B0533}.Release|Any CPU.ActiveCfg = Release|Any CPU
		{66934D78-D732-4376-8CF0-3336B72B0533}.Release|Any CPU.Build.0 = Release|Any CPU
		{C503E664-73C5-42F2-AFD3-31AB87E9D7A4}.Debug|Any CPU.ActiveCfg = Debug|Any CPU
		{C503E664-73C5-42F2-AFD3-31AB87E9D7A4}.Debug|Any CPU.Build.0 = Debug|Any CPU
		{C503E664-73C5-42F2-AFD3-31AB87E9D7A4}.Release|Any CPU.ActiveCfg = Release|Any CPU
		{C503E664-73C5-42F2-AFD3-31AB87E9D7A4}.Release|Any CPU.Build.0 = Release|Any CPU
		{B1B87FDC-BC19-40F3-9780-B871251A3707}.Debug|Any CPU.ActiveCfg = Debug|Any CPU
		{B1B87FDC-BC19-40F3-9780-B871251A3707}.Debug|Any CPU.Build.0 = Debug|Any CPU
		{B1B87FDC-BC19-40F3-9780-B871251A3707}.Release|Any CPU.ActiveCfg = Release|Any CPU
		{B1B87FDC-BC19-40F3-9780-B871251A3707}.Release|Any CPU.Build.0 = Release|Any CPU
	EndGlobalSection
	GlobalSection(SolutionProperties) = preSolution
		HideSolutionNode = FALSE
	EndGlobalSection
	GlobalSection(ExtensibilityGlobals) = postSolution
		SolutionGuid = {0E90F376-CE9B-4E9D-8D91-00B1750FF2F3}
	EndGlobalSection
EndGlobal
